
Microsoft Visual Studio Solution File, Format Version 12.00
# Visual Studio 15
VisualStudioVersion = 15.0.28010.0
MinimumVisualStudioVersion = 10.0.40219.1
Project("{8BC9CEB8-8B4A-11D0-8D11-00A0C91BC942}") = "SRA", "SRA.vcxproj", "{A807C586-710D-4BF1-B6E9-024FA8E59129}"
EndProject
Global
	GlobalSection(SolutionConfigurationPlatforms) = preSolution
		Debug|x64 = Debug|x64
		Debug|x86 = Debug|x86
		Release|x64 = Release|x64
		Release|x86 = Release|x86
	EndGlobalSection
	GlobalSection(ProjectConfigurationPlatforms) = postSolution
		{A807C586-710D-4BF1-B6E9-024FA8E59129}.Debug|x64.ActiveCfg = Debug|x64
		{A807C586-710D-4BF1-B6E9-024FA8E59129}.Debug|x64.Build.0 = Debug|x64
		{A807C586-710D-4BF1-B6E9-024FA8E59129}.Debug|x86.ActiveCfg = Debug|Win32
		{A807C586-710D-4BF1-B6E9-024FA8E59129}.Debug|x86.Build.0 = Debug|Win32
		{A807C586-710D-4BF1-B6E9-024FA8E59129}.Release|x64.ActiveCfg = Release|x64
		{A807C586-710D-4BF1-B6E9-024FA8E59129}.Release|x64.Build.0 = Release|x64
		{A807C586-710D-4BF1-B6E9-024FA8E59129}.Release|x86.ActiveCfg = Release|Win32
		{A807C586-710D-4BF1-B6E9-024FA8E59129}.Release|x86.Build.0 = Release|Win32
	EndGlobalSection
	GlobalSection(SolutionProperties) = preSolution
		HideSolutionNode = FALSE
	EndGlobalSection
	GlobalSection(ExtensibilityGlobals) = postSolution
		SolutionGuid = {E059E7E9-E925-40CF-BBE2-18E91F0FB6C2}
	EndGlobalSection
EndGlobal
