<?xml version="1.0" encoding="utf-8"?>
<Project ToolsVersion="4.0" xmlns="http://schemas.microsoft.com/developer/msbuild/2003">
  <ItemGroup>
    <Filter Include="Source Files">
      <UniqueIdentifier>{4FC737F1-C7A5-4376-A066-2A32D752A2FF}</UniqueIdentifier>
      <Extensions>cpp;c;cc;cxx;def;odl;idl;hpj;bat;asm;asmx</Extensions>
    </Filter>
    <Filter Include="Header Files">
      <UniqueIdentifier>{93995380-89BD-4b04-88EB-625FBE52EBFB}</UniqueIdentifier>
      <Extensions>h;hh;hpp;hxx;hm;inl;inc;ipp;xsd</Extensions>
    </Filter>
    <Filter Include="Resource Files">
      <UniqueIdentifier>{67DA6AB6-F800-4c08-8B7A-83BB121AAD01}</UniqueIdentifier>
      <Extensions>rc;ico;cur;bmp;dlg;rc2;rct;bin;rgs;gif;jpg;jpeg;jpe;resx;tiff;tif;png;wav;mfcribbon-ms</Extensions>
    </Filter>
    <Filter Include="Header Files\YOLO">
      <UniqueIdentifier>{06eeec4f-9719-4d59-be77-b9e759df35ca}</UniqueIdentifier>
    </Filter>
    <Filter Include="Header Files\Positioning">
      <UniqueIdentifier>{d8ca9fa5-e0c9-4761-916f-d284e1b5ca28}</UniqueIdentifier>
    </Filter>
    <Filter Include="Header Files\Camera">
      <UniqueIdentifier>{245d4f78-7dd7-486b-b06d-23b5a2332345}</UniqueIdentifier>
    </Filter>
    <Filter Include="Header Files\Detector Pool">
      <UniqueIdentifier>{3ad7ea4f-b074-43d8-92cc-0cc9ce077bb1}</UniqueIdentifier>
    </Filter>
  </ItemGroup>
  <ItemGroup>
    <ClInclude Include="YoloDetection\detector.h">
      <Filter>Header Files\YOLO</Filter>
    </ClInclude>
    <ClInclude Include="YoloDetection\utils.h">
      <Filter>Header Files\YOLO</Filter>
    </ClInclude>
    <ClInclude Include="YoloDetection\dnn_model.h">
      <Filter>Header Files\YOLO</Filter>
    </ClInclude>
    <ClInclude Include="Positioning\positioning.h">
      <Filter>Header Files\Positioning</Filter>
    </ClInclude>
    <ClInclude Include="Camera\camera.h">
      <Filter>Header Files\Camera</Filter>
    </ClInclude>
    <ClInclude Include="DetectorPool\det_pool.h">
      <Filter>Header Files\Detector Pool</Filter>
    </ClInclude>
  </ItemGroup>
  <ItemGroup>
    <ClCompile Include="SRA.cpp">
      <Filter>Source Files</Filter>
    </ClCompile>
    <ClCompile Include="YoloDetection\dnn_model.cpp">
      <Filter>Header Files\YOLO</Filter>
    </ClCompile>
    <ClCompile Include="DetectorPool\det_pool.cpp">
      <Filter>Header Files\Detector Pool</Filter>
    </ClCompile>
  </ItemGroup>
</Project>